
Microsoft Visual Studio Solution File, Format Version 12.00
Project("{FAE04EC0-301F-11D3-BF4B-00C04F79EFBC}") = "ConceptualSystem", "ConceptualSystem\ConceptualSystem.csproj", "{0C988719-143D-4955-9054-66FB389EE014}"
EndProject
Global
	GlobalSection(SolutionConfigurationPlatforms) = preSolution
		Debug|Any CPU = Debug|Any CPU
		Release|Any CPU = Release|Any CPU
	EndGlobalSection
	GlobalSection(ProjectConfigurationPlatforms) = postSolution
		{0C988719-143D-4955-9054-66FB389EE014}.Debug|Any CPU.ActiveCfg = Debug|Any CPU
		{0C988719-143D-4955-9054-66FB389EE014}.Debug|Any CPU.Build.0 = Debug|Any CPU
		{0C988719-143D-4955-9054-66FB389EE014}.Release|Any CPU.ActiveCfg = Release|Any CPU
		{0C988719-143D-4955-9054-66FB389EE014}.Release|Any CPU.Build.0 = Release|Any CPU
	EndGlobalSection
EndGlobal
